
Microsoft Visual Studio Solution File, Format Version 12.00
# Visual Studio 15
VisualStudioVersion = 15.0.28307.168
MinimumVisualStudioVersion = 10.0.40219.1
Project("{FAE04EC0-301F-11D3-BF4B-00C04F79EFBC}") = "Phoneword.Android", "Phoneword\Phoneword.Android\Phoneword.Android.csproj", "{48D3E6F4-4B1A-495A-B628-7384C7179586}"
EndProject
Project("{FAE04EC0-301F-11D3-BF4B-00C04F79EFBC}") = "Phoneword.iOS", "Phoneword\Phoneword.iOS\Phoneword.iOS.csproj", "{64B95E54-2570-42B7-B7A9-671F04806419}"
EndProject
Project("{FAE04EC0-301F-11D3-BF4B-00C04F79EFBC}") = "Phoneword", "Phoneword\Phoneword\Phoneword.csproj", "{7596D0D5-5986-435A-B0C7-FCE7DEE4EF94}"
EndProject
Global
	GlobalSection(SolutionConfigurationPlatforms) = preSolution
		Ad-Hoc|Any CPU = Ad-Hoc|Any CPU
		Ad-Hoc|iPhone = Ad-Hoc|iPhone
		Ad-Hoc|iPhoneSimulator = Ad-Hoc|iPhoneSimulator
		AppStore|Any CPU = AppStore|Any CPU
		AppStore|iPhone = AppStore|iPhone
		AppStore|iPhoneSimulator = AppStore|iPhoneSimulator
		Debug|Any CPU = Debug|Any CPU
		Debug|iPhone = Debug|iPhone
		Debug|iPhoneSimulator = Debug|iPhoneSimulator
		Release|Any CPU = Release|Any CPU
		Release|iPhone = Release|iPhone
		Release|iPhoneSimulator = Release|iPhoneSimulator
	EndGlobalSection
	GlobalSection(ProjectConfigurationPlatforms) = postSolution
		{48D3E6F4-4B1A-495A-B628-7384C7179586}.Ad-Hoc|Any CPU.ActiveCfg = Release|Any CPU
		{48D3E6F4-4B1A-495A-B628-7384C7179586}.Ad-Hoc|Any CPU.Build.0 = Release|Any CPU
		{48D3E6F4-4B1A-495A-B628-7384C7179586}.Ad-Hoc|Any CPU.Deploy.0 = Release|Any CPU
		{48D3E6F4-4B1A-495A-B628-7384C7179586}.Ad-Hoc|iPhone.ActiveCfg = Release|Any CPU
		{48D3E6F4-4B1A-495A-B628-7384C7179586}.Ad-Hoc|iPhone.Build.0 = Release|Any CPU
		{48D3E6F4-4B1A-495A-B628-7384C7179586}.Ad-Hoc|iPhone.Deploy.0 = Release|Any CPU
		{48D3E6F4-4B1A-495A-B628-7384C7179586}.Ad-Hoc|iPhoneSimulator.ActiveCfg = Release|Any CPU
		{48D3E6F4-4B1A-495A-B628-7384C7179586}.Ad-Hoc|iPhoneSimulator.Build.0 = Release|Any CPU
		{48D3E6F4-4B1A-495A-B628-7384C7179586}.Ad-Hoc|iPhoneSimulator.Deploy.0 = Release|Any CPU
		{48D3E6F4-4B1A-495A-B628-7384C7179586}.AppStore|Any CPU.ActiveCfg = Release|Any CPU
		{48D3E6F4-4B1A-495A-B628-7384C7179586}.AppStore|Any CPU.Build.0 = Release|Any CPU
		{48D3E6F4-4B1A-495A-B628-7384C7179586}.AppStore|Any CPU.Deploy.0 = Release|Any CPU
		{48D3E6F4-4B1A-495A-B628-7384C7179586}.AppStore|iPhone.ActiveCfg = Release|Any CPU
		{48D3E6F4-4B1A-495A-B628-7384C7179586}.AppStore|iPhone.Build.0 = Release|Any CPU
		{48D3E6F4-4B1A-495A-B628-7384C7179586}.AppStore|iPhone.Deploy.0 = Release|Any CPU
		{48D3E6F4-4B1A-495A-B628-7384C7179586}.AppStore|iPhoneSimulator.ActiveCfg = Release|Any CPU
		{48D3E6F4-4B1A-495A-B628-7384C7179586}.AppStore|iPhoneSimulator.Build.0 = Release|Any CPU
		{48D3E6F4-4B1A-495A-B628-7384C7179586}.AppStore|iPhoneSimulator.Deploy.0 = Release|Any CPU
		{48D3E6F4-4B1A-495A-B628-7384C7179586}.Debug|Any CPU.ActiveCfg = Debug|Any CPU
		{48D3E6F4-4B1A-495A-B628-7384C7179586}.Debug|Any CPU.Build.0 = Debug|Any CPU
		{48D3E6F4-4B1A-495A-B628-7384C7179586}.Debug|Any CPU.Deploy.0 = Debug|Any CPU
		{48D3E6F4-4B1A-495A-B628-7384C7179586}.Debug|iPhone.ActiveCfg = Debug|Any CPU
		{48D3E6F4-4B1A-495A-B628-7384C7179586}.Debug|iPhone.Build.0 = Debug|Any CPU
		{48D3E6F4-4B1A-495A-B628-7384C7179586}.Debug|iPhone.Deploy.0 = Debug|Any CPU
		{48D3E6F4-4B1A-495A-B628-7384C7179586}.Debug|iPhoneSimulator.ActiveCfg = Debug|Any CPU
		{48D3E6F4-4B1A-495A-B628-7384C7179586}.Debug|iPhoneSimulator.Build.0 = Debug|Any CPU
		{48D3E6F4-4B1A-495A-B628-7384C7179586}.Debug|iPhoneSimulator.Deploy.0 = Debug|Any CPU
		{48D3E6F4-4B1A-495A-B628-7384C7179586}.Release|Any CPU.ActiveCfg = Release|Any CPU
		{48D3E6F4-4B1A-495A-B628-7384C7179586}.Release|Any CPU.Build.0 = Release|Any CPU
		{48D3E6F4-4B1A-495A-B628-7384C7179586}.Release|Any CPU.Deploy.0 = Release|Any CPU
		{48D3E6F4-4B1A-495A-B628-7384C7179586}.Release|iPhone.ActiveCfg = Release|Any CPU
		{48D3E6F4-4B1A-495A-B628-7384C7179586}.Release|iPhone.Build.0 = Release|Any CPU
		{48D3E6F4-4B1A-495A-B628-7384C7179586}.Release|iPhone.Deploy.0 = Release|Any CPU
		{48D3E6F4-4B1A-495A-B628-7384C7179586}.Release|iPhoneSimulator.ActiveCfg = Release|Any CPU
		{48D3E6F4-4B1A-495A-B628-7384C7179586}.Release|iPhoneSimulator.Build.0 = Release|Any CPU
		{48D3E6F4-4B1A-495A-B628-7384C7179586}.Release|iPhoneSimulator.Deploy.0 = Release|Any CPU
		{64B95E54-2570-42B7-B7A9-671F04806419}.Ad-Hoc|Any CPU.ActiveCfg = Ad-Hoc|iPhone
		{64B95E54-2570-42B7-B7A9-671F04806419}.Ad-Hoc|Any CPU.Build.0 = Ad-Hoc|iPhone
		{64B95E54-2570-42B7-B7A9-671F04806419}.Ad-Hoc|Any CPU.Deploy.0 = Ad-Hoc|iPhone
		{64B95E54-2570-42B7-B7A9-671F04806419}.Ad-Hoc|iPhone.ActiveCfg = Ad-Hoc|iPhone
		{64B95E54-2570-42B7-B7A9-671F04806419}.Ad-Hoc|iPhone.Build.0 = Ad-Hoc|iPhone
		{64B95E54-2570-42B7-B7A9-671F04806419}.Ad-Hoc|iPhone.Deploy.0 = Ad-Hoc|iPhone
		{64B95E54-2570-42B7-B7A9-671F04806419}.Ad-Hoc|iPhoneSimulator.ActiveCfg = Ad-Hoc|iPhoneSimulator
		{64B95E54-2570-42B7-B7A9-671F04806419}.Ad-Hoc|iPhoneSimulator.Build.0 = Ad-Hoc|iPhoneSimulator
		{64B95E54-2570-42B7-B7A9-671F04806419}.Ad-Hoc|iPhoneSimulator.Deploy.0 = Ad-Hoc|iPhoneSimulator
		{64B95E54-2570-42B7-B7A9-671F04806419}.AppStore|Any CPU.ActiveCfg = AppStore|iPhone
		{64B95E54-2570-42B7-B7A9-671F04806419}.AppStore|Any CPU.Build.0 = AppStore|iPhone
		{64B95E54-2570-42B7-B7A9-671F04806419}.AppStore|Any CPU.Deploy.0 = AppStore|iPhone
		{64B95E54-2570-42B7-B7A9-671F04806419}.AppStore|iPhone.ActiveCfg = AppStore|iPhone
		{64B95E54-2570-42B7-B7A9-671F04806419}.AppStore|iPhone.Build.0 = AppStore|iPhone
		{64B95E54-2570-42B7-B7A9-671F04806419}.AppStore|iPhone.Deploy.0 = AppStore|iPhone
		{64B95E54-2570-42B7-B7A9-671F04806419}.AppStore|iPhoneSimulator.ActiveCfg = AppStore|iPhoneSimulator
		{64B95E54-2570-42B7-B7A9-671F04806419}.AppStore|iPhoneSimulator.Build.0 = AppStore|iPhoneSimulator
		{64B95E54-2570-42B7-B7A9-671F04806419}.AppStore|iPhoneSimulator.Deploy.0 = AppStore|iPhoneSimulator
		{64B95E54-2570-42B7-B7A9-671F04806419}.Debug|Any CPU.ActiveCfg = Debug|iPhoneSimulator
		{64B95E54-2570-42B7-B7A9-671F04806419}.Debug|Any CPU.Build.0 = Debug|iPhoneSimulator
		{64B95E54-2570-42B7-B7A9-671F04806419}.Debug|Any CPU.Deploy.0 = Debug|iPhoneSimulator
		{64B95E54-2570-42B7-B7A9-671F04806419}.Debug|iPhone.ActiveCfg = Debug|iPhone
		{64B95E54-2570-42B7-B7A9-671F04806419}.Debug|iPhone.Build.0 = Debug|iPhone
		{64B95E54-2570-42B7-B7A9-671F04806419}.Debug|iPhone.Deploy.0 = Debug|iPhone
		{64B95E54-2570-42B7-B7A9-671F04806419}.Debug|iPhoneSimulator.ActiveCfg = Debug|iPhoneSimulator
		{64B95E54-2570-42B7-B7A9-671F04806419}.Debug|iPhoneSimulator.Build.0 = Debug|iPhoneSimulator
		{64B95E54-2570-42B7-B7A9-671F04806419}.Debug|iPhoneSimulator.Deploy.0 = Debug|iPhoneSimulator
		{64B95E54-2570-42B7-B7A9-671F04806419}.Release|Any CPU.ActiveCfg = Release|iPhone
		{64B95E54-2570-42B7-B7A9-671F04806419}.Release|Any CPU.Build.0 = Release|iPhone
		{64B95E54-2570-42B7-B7A9-671F04806419}.Release|Any CPU.Deploy.0 = Release|iPhone
		{64B95E54-2570-42B7-B7A9-671F04806419}.Release|iPhone.ActiveCfg = Release|iPhone
		{64B95E54-2570-42B7-B7A9-671F04806419}.Release|iPhone.Build.0 = Release|iPhone
		{64B95E54-2570-42B7-B7A9-671F04806419}.Release|iPhone.Deploy.0 = Release|iPhone
		{64B95E54-2570-42B7-B7A9-671F04806419}.Release|iPhoneSimulator.ActiveCfg = Release|iPhoneSimulator
		{64B95E54-2570-42B7-B7A9-671F04806419}.Release|iPhoneSimulator.Build.0 = Release|iPhoneSimulator
		{64B95E54-2570-42B7-B7A9-671F04806419}.Release|iPhoneSimulator.Deploy.0 = Release|iPhoneSimulator
		{7596D0D5-5986-435A-B0C7-FCE7DEE4EF94}.Ad-Hoc|Any CPU.ActiveCfg = Debug|Any CPU
		{7596D0D5-5986-435A-B0C7-FCE7DEE4EF94}.Ad-Hoc|Any CPU.Build.0 = Debug|Any CPU
		{7596D0D5-5986-435A-B0C7-FCE7DEE4EF94}.Ad-Hoc|Any CPU.Deploy.0 = Debug|Any CPU
		{7596D0D5-5986-435A-B0C7-FCE7DEE4EF94}.Ad-Hoc|iPhone.ActiveCfg = Debug|Any CPU
		{7596D0D5-5986-435A-B0C7-FCE7DEE4EF94}.Ad-Hoc|iPhone.Build.0 = Debug|Any CPU
		{7596D0D5-5986-435A-B0C7-FCE7DEE4EF94}.Ad-Hoc|iPhone.Deploy.0 = Debug|Any CPU
		{7596D0D5-5986-435A-B0C7-FCE7DEE4EF94}.Ad-Hoc|iPhoneSimulator.ActiveCfg = Debug|Any CPU
		{7596D0D5-5986-435A-B0C7-FCE7DEE4EF94}.Ad-Hoc|iPhoneSimulator.Build.0 = Debug|Any CPU
		{7596D0D5-5986-435A-B0C7-FCE7DEE4EF94}.Ad-Hoc|iPhoneSimulator.Deploy.0 = Debug|Any CPU
		{7596D0D5-5986-435A-B0C7-FCE7DEE4EF94}.AppStore|Any CPU.ActiveCfg = Debug|Any CPU
		{7596D0D5-5986-435A-B0C7-FCE7DEE4EF94}.AppStore|Any CPU.Build.0 = Debug|Any CPU
		{7596D0D5-5986-435A-B0C7-FCE7DEE4EF94}.AppStore|Any CPU.Deploy.0 = Debug|Any CPU
		{7596D0D5-5986-435A-B0C7-FCE7DEE4EF94}.AppStore|iPhone.ActiveCfg = Debug|Any CPU
		{7596D0D5-5986-435A-B0C7-FCE7DEE4EF94}.AppStore|iPhone.Build.0 = Debug|Any CPU
		{7596D0D5-5986-435A-B0C7-FCE7DEE4EF94}.AppStore|iPhone.Deploy.0 = Debug|Any CPU
		{7596D0D5-5986-435A-B0C7-FCE7DEE4EF94}.AppStore|iPhoneSimulator.ActiveCfg = Debug|Any CPU
		{7596D0D5-5986-435A-B0C7-FCE7DEE4EF94}.AppStore|iPhoneSimulator.Build.0 = Debug|Any CPU
		{7596D0D5-5986-435A-B0C7-FCE7DEE4EF94}.AppStore|iPhoneSimulator.Deploy.0 = Debug|Any CPU
		{7596D0D5-5986-435A-B0C7-FCE7DEE4EF94}.Debug|Any CPU.ActiveCfg = Debug|Any CPU
		{7596D0D5-5986-435A-B0C7-FCE7DEE4EF94}.Debug|Any CPU.Build.0 = Debug|Any CPU
		{7596D0D5-5986-435A-B0C7-FCE7DEE4EF94}.Debug|Any CPU.Deploy.0 = Debug|Any CPU
		{7596D0D5-5986-435A-B0C7-FCE7DEE4EF94}.Debug|iPhone.ActiveCfg = Debug|Any CPU
		{7596D0D5-5986-435A-B0C7-FCE7DEE4EF94}.Debug|iPhone.Build.0 = Debug|Any CPU
		{7596D0D5-5986-435A-B0C7-FCE7DEE4EF94}.Debug|iPhone.Deploy.0 = Debug|Any CPU
		{7596D0D5-5986-435A-B0C7-FCE7DEE4EF94}.Debug|iPhoneSimulator.ActiveCfg = Debug|Any CPU
		{7596D0D5-5986-435A-B0C7-FCE7DEE4EF94}.Debug|iPhoneSimulator.Build.0 = Debug|Any CPU
		{7596D0D5-5986-435A-B0C7-FCE7DEE4EF94}.Debug|iPhoneSimulator.Deploy.0 = Debug|Any CPU
		{7596D0D5-5986-435A-B0C7-FCE7DEE4EF94}.Release|Any CPU.ActiveCfg = Release|Any CPU
		{7596D0D5-5986-435A-B0C7-FCE7DEE4EF94}.Release|Any CPU.Build.0 = Release|Any CPU
		{7596D0D5-5986-435A-B0C7-FCE7DEE4EF94}.Release|Any CPU.Deploy.0 = Release|Any CPU
		{7596D0D5-5986-435A-B0C7-FCE7DEE4EF94}.Release|iPhone.ActiveCfg = Release|Any CPU
		{7596D0D5-5986-435A-B0C7-FCE7DEE4EF94}.Release|iPhone.Build.0 = Release|Any CPU
		{7596D0D5-5986-435A-B0C7-FCE7DEE4EF94}.Release|iPhone.Deploy.0 = Release|Any CPU
		{7596D0D5-5986-435A-B0C7-FCE7DEE4EF94}.Release|iPhoneSimulator.ActiveCfg = Release|Any CPU
		{7596D0D5-5986-435A-B0C7-FCE7DEE4EF94}.Release|iPhoneSimulator.Build.0 = Release|Any CPU
		{7596D0D5-5986-435A-B0C7-FCE7DEE4EF94}.Release|iPhoneSimulator.Deploy.0 = Release|Any CPU
	EndGlobalSection
	GlobalSection(SolutionProperties) = preSolution
		HideSolutionNode = FALSE
	EndGlobalSection
	GlobalSection(ExtensibilityGlobals) = postSolution
		SolutionGuid = {B1D79B32-7493-4E35-B72E-7A05F3CD5420}
	EndGlobalSection
EndGlobal
